{
    "_readme": [
        "This file locks the dependencies of your project to a known state",
        "Read more about it at https://getcomposer.org/doc/01-basic-usage.md#installing-dependencies",
        "This file is @generated automatically"
    ],
    "content-hash": "2bf7234e91dcdc08437bd13c37c25455",
    "packages": [
        {
            "name": "tronyx/asset-manifest",
            "version": "1.1.1",
            "source": {
                "type": "git",
                "url": "https://github.com/lexo-mpuzovic/asset-manifest.git",
                "reference": "0164d5e2f0cfc6288a01e9d196741d444de19f5b"
            },
            "dist": {
                "type": "zip",
                "url": "https://api.github.com/repos/lexo-mpuzovic/asset-manifest/zipball/0164d5e2f0cfc6288a01e9d196741d444de19f5b",
                "reference": "0164d5e2f0cfc6288a01e9d196741d444de19f5b",
                "shasum": ""
            },
            "require": {
                "php": ">=7.2.0"
            },
            "type": "library",
            "autoload": {
                "psr-4": {
                    "Tronyx\\Asset\\": "src/"
                }
            },
            "notification-url": "https://packagist.org/downloads/",
            "license": [
                "GPL-2.0-only"
            ],
            "authors": [
                {
                    "name": "Miljan Puzovic",
                    "email": "tronyx85@gmail.com"
                }
            ],
            "description": "Asset Manifest handler for Asset Loader for Laravel Mix",
            "support": {
                "source": "https://github.com/lexo-mpuzovic/asset-manifest/tree/v1.1.1"
            },
            "time": "2023-01-24T13:15:47+00:00"
        }
    ],
    "packages-dev": [],
    "aliases": [],
    "minimum-stability": "stable",
    "stability-flags": [],
    "prefer-stable": false,
    "prefer-lowest": false,
    "platform": {
        "php": ">=7.2.0"
    },
    "platform-dev": [],
    "plugin-api-version": "2.3.0"
}
