{
    "_readme": [
        "This file locks the dependencies of your project to a known state",
        "Read more about it at https://getcomposer.org/doc/01-basic-usage.md#installing-dependencies",
        "This file is @generated automatically"
    ],
    "content-hash": "db2ae996fd5a0c01ae4d9b907b952946",
    "packages": [
        {
            "name": "tronyx/asset-manifest",
            "version": "1.1.0",
            "source": {
                "type": "git",
                "url": "https://github.com/lexo-mpuzovic/asset-manifest.git",
                "reference": "dfb27ec2697861afdd298f330d00cb6990a533ea"
            },
            "dist": {
                "type": "zip",
                "url": "https://api.github.com/repos/lexo-mpuzovic/asset-manifest/zipball/dfb27ec2697861afdd298f330d00cb6990a533ea",
                "reference": "dfb27ec2697861afdd298f330d00cb6990a533ea",
                "shasum": ""
            },
            "require": {
                "php": ">=7.2.0"
            },
            "type": "library",
            "autoload": {
                "psr-4": {
                    "Tronyx\\Asset\\": "src/"
                }
            },
            "notification-url": "https://packagist.org/downloads/",
            "license": [
                "GPL-2.0-only"
            ],
            "authors": [
                {
                    "name": "Miljan Puzovic",
                    "email": "tronyx85@gmail.com"
                }
            ],
            "description": "Asset Manifest handler",
            "support": {
                "source": "https://github.com/lexo-mpuzovic/asset-manifest/tree/v1.1.0"
            },
            "time": "2021-08-29T15:10:07+00:00"
        }
    ],
    "packages-dev": [],
    "aliases": [],
    "minimum-stability": "stable",
    "stability-flags": [],
    "prefer-stable": false,
    "prefer-lowest": false,
    "platform": {
        "php": ">=7.2.0"
    },
    "platform-dev": [],
    "plugin-api-version": "2.1.0"
}
